
Microsoft Visual Studio Solution File, Format Version 12.00
# Visual Studio 15
VisualStudioVersion = 15.0.28307.757
MinimumVisualStudioVersion = 10.0.40219.1
Project("{FAE04EC0-301F-11D3-BF4B-00C04F79EFBC}") = "WebServer", "WebServer\WebServer.csproj", "{A5870FA8-0CDA-4A43-B54E-B1835B618C1C}"
EndProject
Project("{FAE04EC0-301F-11D3-BF4B-00C04F79EFBC}") = "WebServerTest", "WebServerTest\WebServerTest.csproj", "{C304D7C5-0024-4BB2-A666-68775A72A0A9}"
EndProject
Global
	GlobalSection(SolutionConfigurationPlatforms) = preSolution
		Debug|Any CPU = Debug|Any CPU
		Release|Any CPU = Release|Any CPU
	EndGlobalSection
	GlobalSection(ProjectConfigurationPlatforms) = postSolution
		{A5870FA8-0CDA-4A43-B54E-B1835B618C1C}.Debug|Any CPU.ActiveCfg = Debug|Any CPU
		{A5870FA8-0CDA-4A43-B54E-B1835B618C1C}.Debug|Any CPU.Build.0 = Debug|Any CPU
		{A5870FA8-0CDA-4A43-B54E-B1835B618C1C}.Release|Any CPU.ActiveCfg = Release|Any CPU
		{A5870FA8-0CDA-4A43-B54E-B1835B618C1C}.Release|Any CPU.Build.0 = Release|Any CPU
		{C304D7C5-0024-4BB2-A666-68775A72A0A9}.Debug|Any CPU.ActiveCfg = Debug|Any CPU
		{C304D7C5-0024-4BB2-A666-68775A72A0A9}.Debug|Any CPU.Build.0 = Debug|Any CPU
		{C304D7C5-0024-4BB2-A666-68775A72A0A9}.Release|Any CPU.ActiveCfg = Release|Any CPU
		{C304D7C5-0024-4BB2-A666-68775A72A0A9}.Release|Any CPU.Build.0 = Release|Any CPU
	EndGlobalSection
	GlobalSection(SolutionProperties) = preSolution
		HideSolutionNode = FALSE
	EndGlobalSection
	GlobalSection(ExtensibilityGlobals) = postSolution
		SolutionGuid = {453040AF-42CF-4354-8A84-098697148A30}
	EndGlobalSection
EndGlobal
